
Microsoft Visual Studio Solution File, Format Version 12.00
Project("{FAE04EC0-301F-11D3-BF4B-00C04F79EFBC}") = "SFRecordCompareEngine", "SFRecordCompareEngine\SFRecordCompareEngine.csproj", "{13FF900A-C532-41E9-A9DC-13442852386A}"
EndProject
Project("{FAE04EC0-301F-11D3-BF4B-00C04F79EFBC}") = "SFRecordCompareEngine.Core", "SFRecordCompareEngine.Core\SFRecordCompareEngine.Core.csproj", "{671EC731-3B04-4C40-A045-CADB54530A3D}"
EndProject
Global
	GlobalSection(SolutionConfigurationPlatforms) = preSolution
		Debug|Any CPU = Debug|Any CPU
		Release|Any CPU = Release|Any CPU
	EndGlobalSection
	GlobalSection(ProjectConfigurationPlatforms) = postSolution
		{13FF900A-C532-41E9-A9DC-13442852386A}.Debug|Any CPU.ActiveCfg = Debug|Any CPU
		{13FF900A-C532-41E9-A9DC-13442852386A}.Debug|Any CPU.Build.0 = Debug|Any CPU
		{13FF900A-C532-41E9-A9DC-13442852386A}.Release|Any CPU.ActiveCfg = Release|Any CPU
		{13FF900A-C532-41E9-A9DC-13442852386A}.Release|Any CPU.Build.0 = Release|Any CPU
		{671EC731-3B04-4C40-A045-CADB54530A3D}.Debug|Any CPU.ActiveCfg = Debug|Any CPU
		{671EC731-3B04-4C40-A045-CADB54530A3D}.Debug|Any CPU.Build.0 = Debug|Any CPU
		{671EC731-3B04-4C40-A045-CADB54530A3D}.Release|Any CPU.ActiveCfg = Release|Any CPU
		{671EC731-3B04-4C40-A045-CADB54530A3D}.Release|Any CPU.Build.0 = Release|Any CPU
	EndGlobalSection
EndGlobal
